# THIS IS AN AUTOGENERATED FILE. DO NOT EDIT THIS FILE DIRECTLY.
# yarn lockfile v1
i18n-iso-countries:
  version "1.6.0"
  resolved "https://registry.yarnpkg.com/i18n-iso-countries/-/i18n-iso-countries-1.6.0.tgz#7807d25863eb4f4167e5deff669645338711c6cf"
  dependencies:
    pad "1.0.0"

lodash:
  version "4.16.4"
  resolved "https://registry.yarnpkg.com/lodash/-/lodash-4.16.4.tgz#01ce306b9bad1319f2a5528674f88297aeb70127"

pad@1.0.0:
  version "1.0.0"
  resolved "https://registry.yarnpkg.com/pad/-/pad-1.0.0.tgz#a8fc56d247d7f76116d247512a9387b738b7b06e"

